// !$*UTF8*$!
{
	archiveVersion = 1;
	classes = {
	};
	objectVersion = 56;
	objects = {

/* Begin PBXBuildFile section */
		10A000000000000000000001 /* ConwaysGameOfLifeLabApp.swift in Sources */ = {isa = PBXBuildFile; fileRef = 10B000000000000000000001 /* ConwaysGameOfLifeLabApp.swift */; };
		10A000000000000000000002 /* LabWebView.swift in Sources */ = {isa = PBXBuildFile; fileRef = 10B000000000000000000002 /* LabWebView.swift */; };
		10A000000000000000000003 /* Assets.xcassets in Resources */ = {isa = PBXBuildFile; fileRef = 10B000000000000000000003 /* Assets.xcassets */; };
		10A000000000000000000004 /* Web in Resources */ = {isa = PBXBuildFile; fileRef = 10B000000000000000000004 /* Web */; };
/* End PBXBuildFile section */

/* Begin PBXFileReference section */
		10B000000000000000000001 /* ConwaysGameOfLifeLabApp.swift */ = {isa = PBXFileReference; lastKnownFileType = sourcecode.swift; path = ConwaysGameOfLifeLabApp.swift; sourceTree = "<group>"; };
		10B000000000000000000002 /* LabWebView.swift */ = {isa = PBXFileReference; lastKnownFileType = sourcecode.swift; path = LabWebView.swift; sourceTree = "<group>"; };
		10B000000000000000000003 /* Assets.xcassets */ = {isa = PBXFileReference; lastKnownFileType = folder.assetcatalog; path = Assets.xcassets; sourceTree = "<group>"; };
		10B000000000000000000004 /* Web */ = {isa = PBXFileReference; lastKnownFileType = folder; path = Web; sourceTree = "<group>"; };
		10B000000000000000000005 /* Info.plist */ = {isa = PBXFileReference; lastKnownFileType = text.plist.xml; path = Info.plist; sourceTree = "<group>"; };
		10B000000000000000000006 /* ConwaysGameOfLifeLab.app */ = {isa = PBXFileReference; explicitFileType = wrapper.application; includeInIndex = 0; path = ConwaysGameOfLifeLab.app; sourceTree = BUILT_PRODUCTS_DIR; };
/* End PBXFileReference section */

/* Begin PBXFrameworksBuildPhase section */
		10C000000000000000000001 /* Frameworks */ = {
			isa = PBXFrameworksBuildPhase;
			buildActionMask = 2147483647;
			files = (
			);
			runOnlyForDeploymentPostprocessing = 0;
		};
/* End PBXFrameworksBuildPhase section */

/* Begin PBXGroup section */
		10D000000000000000000001 = {
			isa = PBXGroup;
			children = (
				10D000000000000000000002 /* ConwaysGameOfLifeLab */,
				10D000000000000000000005 /* Products */,
			);
			sourceTree = "<group>";
		};
		10D000000000000000000002 /* ConwaysGameOfLifeLab */ = {
			isa = PBXGroup;
			children = (
				10D000000000000000000003 /* App */,
				10D000000000000000000004 /* Resources */,
				10B000000000000000000005 /* Info.plist */,
			);
			path = ConwaysGameOfLifeLab;
			sourceTree = "<group>";
		};
		10D000000000000000000003 /* App */ = {
			isa = PBXGroup;
			children = (
				10B000000000000000000001 /* ConwaysGameOfLifeLabApp.swift */,
				10B000000000000000000002 /* LabWebView.swift */,
			);
			path = App;
			sourceTree = "<group>";
		};
		10D000000000000000000004 /* Resources */ = {
			isa = PBXGroup;
			children = (
				10B000000000000000000003 /* Assets.xcassets */,
				10B000000000000000000004 /* Web */,
			);
			path = Resources;
			sourceTree = "<group>";
		};
		10D000000000000000000005 /* Products */ = {
			isa = PBXGroup;
			children = (
				10B000000000000000000006 /* ConwaysGameOfLifeLab.app */,
			);
			name = Products;
			sourceTree = "<group>";
		};
/* End PBXGroup section */

/* Begin PBXNativeTarget section */
		10E000000000000000000001 /* ConwaysGameOfLifeLab */ = {
			isa = PBXNativeTarget;
			buildConfigurationList = 10F000000000000000000002 /* Build configuration list for PBXNativeTarget "ConwaysGameOfLifeLab" */;
			buildPhases = (
				10C000000000000000000002 /* Sources */,
				10C000000000000000000001 /* Frameworks */,
				10C000000000000000000003 /* Resources */,
			);
			buildRules = (
			);
			dependencies = (
			);
			name = ConwaysGameOfLifeLab;
			productName = ConwaysGameOfLifeLab;
			productReference = 10B000000000000000000006 /* ConwaysGameOfLifeLab.app */;
			productType = "com.apple.product-type.application";
		};
/* End PBXNativeTarget section */

/* Begin PBXProject section */
		10E000000000000000000002 /* Project object */ = {
			isa = PBXProject;
			attributes = {
				BuildIndependentTargetsInParallel = 1;
				LastSwiftUpdateCheck = 1600;
				LastUpgradeCheck = 1600;
				TargetAttributes = {
					10E000000000000000000001 = {
						CreatedOnToolsVersion = 16.0;
					};
				};
			};
			buildConfigurationList = 10F000000000000000000001 /* Build configuration list for PBXProject "ConwaysGameOfLifeLab" */;
			compatibilityVersion = "Xcode 14.0";
			developmentRegion = en;
			hasScannedForEncodings = 0;
			knownRegions = (
				en,
				Base,
			);
			mainGroup = 10D000000000000000000001;
			productRefGroup = 10D000000000000000000005 /* Products */;
			projectDirPath = "";
			projectRoot = "";
			targets = (
				10E000000000000000000001 /* ConwaysGameOfLifeLab */,
			);
		};
/* End PBXProject section */

/* Begin PBXResourcesBuildPhase section */
		10C000000000000000000003 /* Resources */ = {
			isa = PBXResourcesBuildPhase;
			buildActionMask = 2147483647;
			files = (
				10A000000000000000000003 /* Assets.xcassets in Resources */,
				10A000000000000000000004 /* Web in Resources */,
			);
			runOnlyForDeploymentPostprocessing = 0;
		};
/* End PBXResourcesBuildPhase section */

/* Begin PBXSourcesBuildPhase section */
		10C000000000000000000002 /* Sources */ = {
			isa = PBXSourcesBuildPhase;
			buildActionMask = 2147483647;
			files = (
				10A000000000000000000001 /* ConwaysGameOfLifeLabApp.swift in Sources */,
				10A000000000000000000002 /* LabWebView.swift in Sources */,
			);
			runOnlyForDeploymentPostprocessing = 0;
		};
/* End PBXSourcesBuildPhase section */

/* Begin XCBuildConfiguration section */
		110000000000000000000001 /* Debug */ = {
			isa = XCBuildConfiguration;
			buildSettings = {
				ALWAYS_SEARCH_USER_PATHS = NO;
				CLANG_ENABLE_MODULES = YES;
				CLANG_ENABLE_OBJC_ARC = YES;
				COPY_PHASE_STRIP = NO;
				DEBUG_INFORMATION_FORMAT = dwarf;
				ENABLE_TESTABILITY = YES;
				GCC_C_LANGUAGE_STANDARD = gnu17;
				GCC_OPTIMIZATION_LEVEL = 0;
				ONLY_ACTIVE_ARCH = YES;
				SDKROOT = iphoneos;
				SWIFT_ACTIVE_COMPILATION_CONDITIONS = DEBUG;
				SWIFT_OPTIMIZATION_LEVEL = "-Onone";
			};
			name = Debug;
		};
		110000000000000000000002 /* Release */ = {
			isa = XCBuildConfiguration;
			buildSettings = {
				ALWAYS_SEARCH_USER_PATHS = NO;
				CLANG_ENABLE_MODULES = YES;
				CLANG_ENABLE_OBJC_ARC = YES;
				COPY_PHASE_STRIP = YES;
				DEBUG_INFORMATION_FORMAT = "dwarf-with-dsym";
				GCC_C_LANGUAGE_STANDARD = gnu17;
				SDKROOT = iphoneos;
				SWIFT_COMPILATION_MODE = wholemodule;
				SWIFT_OPTIMIZATION_LEVEL = "-O";
				VALIDATE_PRODUCT = YES;
			};
			name = Release;
		};
		110000000000000000000003 /* Debug */ = {
			isa = XCBuildConfiguration;
			buildSettings = {
				ASSETCATALOG_COMPILER_APPICON_NAME = AppIcon;
				ASSETCATALOG_COMPILER_GLOBAL_ACCENT_COLOR_NAME = AccentColor;
				CODE_SIGN_STYLE = Automatic;
				CURRENT_PROJECT_VERSION = 1;
				ENABLE_PREVIEWS = YES;
				GENERATE_INFOPLIST_FILE = NO;
				INFOPLIST_FILE = ConwaysGameOfLifeLab/Info.plist;
				IPHONEOS_DEPLOYMENT_TARGET = 16.0;
				MARKETING_VERSION = 2.0;
				PRODUCT_BUNDLE_IDENTIFIER = land.nithi.conwaylifelab;
				PRODUCT_NAME = "$(TARGET_NAME)";
				SUPPORTED_PLATFORMS = "iphoneos iphonesimulator";
				SUPPORTS_MACCATALYST = NO;
				SWIFT_EMIT_LOC_STRINGS = YES;
				SWIFT_VERSION = 5.0;
				TARGETED_DEVICE_FAMILY = 2;
			};
			name = Debug;
		};
		110000000000000000000004 /* Release */ = {
			isa = XCBuildConfiguration;
			buildSettings = {
				ASSETCATALOG_COMPILER_APPICON_NAME = AppIcon;
				ASSETCATALOG_COMPILER_GLOBAL_ACCENT_COLOR_NAME = AccentColor;
				CODE_SIGN_STYLE = Automatic;
				CURRENT_PROJECT_VERSION = 1;
				GENERATE_INFOPLIST_FILE = NO;
				INFOPLIST_FILE = ConwaysGameOfLifeLab/Info.plist;
				IPHONEOS_DEPLOYMENT_TARGET = 16.0;
				MARKETING_VERSION = 2.0;
				PRODUCT_BUNDLE_IDENTIFIER = land.nithi.conwaylifelab;
				PRODUCT_NAME = "$(TARGET_NAME)";
				SUPPORTED_PLATFORMS = "iphoneos iphonesimulator";
				SUPPORTS_MACCATALYST = NO;
				SWIFT_EMIT_LOC_STRINGS = YES;
				SWIFT_VERSION = 5.0;
				TARGETED_DEVICE_FAMILY = 2;
			};
			name = Release;
		};
/* End XCBuildConfiguration section */

/* Begin XCConfigurationList section */
		10F000000000000000000001 /* Build configuration list for PBXProject "ConwaysGameOfLifeLab" */ = {
			isa = XCConfigurationList;
			buildConfigurations = (
				110000000000000000000001 /* Debug */,
				110000000000000000000002 /* Release */,
			);
			defaultConfigurationIsVisible = 0;
			defaultConfigurationName = Release;
		};
		10F000000000000000000002 /* Build configuration list for PBXNativeTarget "ConwaysGameOfLifeLab" */ = {
			isa = XCConfigurationList;
			buildConfigurations = (
				110000000000000000000003 /* Debug */,
				110000000000000000000004 /* Release */,
			);
			defaultConfigurationIsVisible = 0;
			defaultConfigurationName = Release;
		};
/* End XCConfigurationList section */
	};
	rootObject = 10E000000000000000000002 /* Project object */;
}
